# THIS IS AN AUTOGENERATED FILE. DO NOT EDIT THIS FILE DIRECTLY.
# yarn lockfile v1


"@discordjs/builders@^1.6.5":
  version "1.6.5"
  resolved "https://registry.yarnpkg.com/@discordjs/builders/-/builders-1.6.5.tgz#3e23912eaab1d542b61ca0fa7202e5aaef2b7200"
  integrity sha512-SdweyCs/+mHj+PNhGLLle7RrRFX9ZAhzynHahMCLqp5Zeq7np7XC6/mgzHc79QoVlQ1zZtOkTTiJpOZu5V8Ufg==
  dependencies:
    "@discordjs/formatters" "^0.3.2"
    "@discordjs/util" "^1.0.1"
    "@sapphire/shapeshift" "^3.9.2"
    discord-api-types "0.37.50"
    fast-deep-equal "^3.1.3"
    ts-mixer "^6.0.3"
    tslib "^2.6.1"

"@discordjs/collection@^1.5.3":
  version "1.5.3"
  resolved "https://registry.yarnpkg.com/@discordjs/collection/-/collection-1.5.3.tgz#5a1250159ebfff9efa4f963cfa7e97f1b291be18"
  integrity sha512-SVb428OMd3WO1paV3rm6tSjM4wC+Kecaa1EUGX7vc6/fddvw/6lg90z4QtCqm21zvVe92vMMDt9+DkIvjXImQQ==

"@discordjs/formatters@^0.3.2":
  version "0.3.2"
  resolved "https://registry.yarnpkg.com/@discordjs/formatters/-/formatters-0.3.2.tgz#3ae054f7b3097cc0dc7645fade37a3f20fa1fb4b"
  integrity sha512-lE++JZK8LSSDRM5nLjhuvWhGuKiXqu+JZ/DsOR89DVVia3z9fdCJVcHF2W/1Zxgq0re7kCzmAJlCMMX3tetKpA==
  dependencies:
    discord-api-types "0.37.50"

"@discordjs/rest@^2.0.1":
  version "2.0.1"
  resolved "https://registry.yarnpkg.com/@discordjs/rest/-/rest-2.0.1.tgz#100c208a964e54b8d7cd418bbaed279c816b8ec5"
  integrity sha512-/eWAdDRvwX/rIE2tuQUmKaxmWeHmGealttIzGzlYfI4+a7y9b6ZoMp8BG/jaohs8D8iEnCNYaZiOFLVFLQb8Zg==
  dependencies:
    "@discordjs/collection" "^1.5.3"
    "@discordjs/util" "^1.0.1"
    "@sapphire/async-queue" "^1.5.0"
    "@sapphire/snowflake" "^3.5.1"
    "@vladfrangu/async_event_emitter" "^2.2.2"
    discord-api-types "0.37.50"
    magic-bytes.js "^1.0.15"
    tslib "^2.6.1"
    undici "5.22.1"

"@discordjs/util@^1.0.1":
  version "1.0.1"
  resolved "https://registry.yarnpkg.com/@discordjs/util/-/util-1.0.1.tgz#7d6f97b65425d3a8b46ea1180150dee6991a88cf"
  integrity sha512-d0N2yCxB8r4bn00/hvFZwM7goDcUhtViC5un4hPj73Ba4yrChLSJD8fy7Ps5jpTLg1fE9n4K0xBLc1y9WGwSsA==

"@discordjs/ws@^1.0.1":
  version "1.0.1"
  resolved "https://registry.yarnpkg.com/@discordjs/ws/-/ws-1.0.1.tgz#fab8aa4c1667040a95b5268a2875add27353d323"
  integrity sha512-avvAolBqN3yrSvdBPcJ/0j2g42ABzrv3PEL76e3YTp2WYMGH7cuspkjfSyNWaqYl1J+669dlLp+YFMxSVQyS5g==
  dependencies:
    "@discordjs/collection" "^1.5.3"
    "@discordjs/rest" "^2.0.1"
    "@discordjs/util" "^1.0.1"
    "@sapphire/async-queue" "^1.5.0"
    "@types/ws" "^8.5.5"
    "@vladfrangu/async_event_emitter" "^2.2.2"
    discord-api-types "0.37.50"
    tslib "^2.6.1"
    ws "^8.13.0"

"@sapphire/async-queue@^1.5.0":
  version "1.5.0"
  resolved "https://registry.yarnpkg.com/@sapphire/async-queue/-/async-queue-1.5.0.tgz#2f255a3f186635c4fb5a2381e375d3dfbc5312d8"
  integrity sha512-JkLdIsP8fPAdh9ZZjrbHWR/+mZj0wvKS5ICibcLrRI1j84UmLMshx5n9QmL8b95d4onJ2xxiyugTgSAX7AalmA==

"@sapphire/shapeshift@^3.9.2":
  version "3.9.2"
  resolved "https://registry.yarnpkg.com/@sapphire/shapeshift/-/shapeshift-3.9.2.tgz#a9c12cd51e1bc467619bb56df804450dd14871ac"
  integrity sha512-YRbCXWy969oGIdqR/wha62eX8GNHsvyYi0Rfd4rNW6tSVVa8p0ELiMEuOH/k8rgtvRoM+EMV7Csqz77YdwiDpA==
  dependencies:
    fast-deep-equal "^3.1.3"
    lodash "^4.17.21"

"@sapphire/snowflake@^3.5.1":
  version "3.5.1"
  resolved "https://registry.yarnpkg.com/@sapphire/snowflake/-/snowflake-3.5.1.tgz#254521c188b49e8b2d4cc048b475fb2b38737fec"
  integrity sha512-BxcYGzgEsdlG0dKAyOm0ehLGm2CafIrfQTZGWgkfKYbj+pNNsorZ7EotuZukc2MT70E0UbppVbtpBrqpzVzjNA==

"@selderee/plugin-htmlparser2@^0.11.0":
  version "0.11.0"
  resolved "https://registry.yarnpkg.com/@selderee/plugin-htmlparser2/-/plugin-htmlparser2-0.11.0.tgz#d5b5e29a7ba6d3958a1972c7be16f4b2c188c517"
  integrity sha512-P33hHGdldxGabLFjPPpaTxVolMrzrcegejx+0GxjrIb9Zv48D8yAIA/QTDR2dFl7Uz7urX8aX6+5bCZslr+gWQ==
  dependencies:
    domhandler "^5.0.3"
    selderee "^0.11.0"

"@types/node@*":
  version "20.5.6"
  resolved "https://registry.yarnpkg.com/@types/node/-/node-20.5.6.tgz#5e9aaa86be03a09decafd61b128d6cec64a5fe40"
  integrity sha512-Gi5wRGPbbyOTX+4Y2iULQ27oUPrefaB0PxGQJnfyWN3kvEDGM3mIB5M/gQLmitZf7A9FmLeaqxD3L1CXpm3VKQ==

"@types/ws@^8.5.5":
  version "8.5.5"
  resolved "https://registry.yarnpkg.com/@types/ws/-/ws-8.5.5.tgz#af587964aa06682702ee6dcbc7be41a80e4b28eb"
  integrity sha512-lwhs8hktwxSjf9UaZ9tG5M03PGogvFaH8gUgLNbN9HKIg0dvv6q+gkSuJ8HN4/VbyxkuLzCjlN7GquQ0gUJfIg==
  dependencies:
    "@types/node" "*"

"@vladfrangu/async_event_emitter@^2.2.2":
  version "2.2.2"
  resolved "https://registry.yarnpkg.com/@vladfrangu/async_event_emitter/-/async_event_emitter-2.2.2.tgz#84c5a3f8d648842cec5cc649b88df599af32ed88"
  integrity sha512-HIzRG7sy88UZjBJamssEczH5q7t5+axva19UbZLO6u0ySbYPrwzWiXBcC0WuHyhKKoeCyneH+FvYzKQq/zTtkQ==

axe-logger@~0.0.2:
  version "0.0.2"
  resolved "https://registry.yarnpkg.com/axe-logger/-/axe-logger-0.0.2.tgz#8e0926a9f60659b500d7c57933fa16e4ad372da2"
  integrity sha512-QbP5JkKCFoyzXTVwyzINmjEOa5iGOSglebP3aCuSaqME736VGM+srec7vA013DIpQgOkChBeI+5pOwWlYRc9Eg==

browserbox@~0.9.0:
  version "0.9.1"
  resolved "https://registry.yarnpkg.com/browserbox/-/browserbox-0.9.1.tgz#426a9abb9935cd31443be6fb4085a751a3a1d667"
  integrity sha512-tGXI8JcEzgcKBEe0em/nq6rhpt4eYlFKPcsTCs2tD9QL2X21nNIBoN+tcQqy76kQM8R4IOB2aVQYBTgmKOGguw==
  dependencies:
    axe-logger "~0.0.2"
    mimefuncs "~0.3.4"
    tcp-socket "~0.5.0"
    wo-addressparser "^0.1.3"
    wo-imap-handler "~0.1.14"
    wo-utf7 "~2.0.2"

busboy@^1.6.0:
  version "1.6.0"
  resolved "https://registry.yarnpkg.com/busboy/-/busboy-1.6.0.tgz#966ea36a9502e43cdb9146962523b92f531f6893"
  integrity sha512-8SFQbg/0hQ9xy3UNTB0YEnsNBbWfhf7RtnzpL7TkBiTBRfrQ9Fxcnz7VJsleJpyp6rVLvXiuORqjlHi5q+PYuA==
  dependencies:
    streamsearch "^1.1.0"

core-util-is@~1.0.0:
  version "1.0.3"
  resolved "https://registry.yarnpkg.com/core-util-is/-/core-util-is-1.0.3.tgz#a6042d3634c2b27e9328f837b965fac83808db85"
  integrity sha512-ZQBvi1DcpJ4GDqanjucZ2Hj3wEO5pZDS89BWbkcrvdxksJorwUDDZamX9ldFkp9aw2lmBDLgkObEA4DWNJ9FYQ==

deepmerge@^4.3.1:
  version "4.3.1"
  resolved "https://registry.yarnpkg.com/deepmerge/-/deepmerge-4.3.1.tgz#44b5f2147cd3b00d4b56137685966f26fd25dd4a"
  integrity sha512-3sUqbMEc77XqpdNO7FRyRog+eW3ph+GYCbj+rK+uYyRMuwsVy0rMiVtPn+QJlKFvWP/1PYpapqYn0Me2knFn+A==

discord-api-types@0.37.50:
  version "0.37.50"
  resolved "https://registry.yarnpkg.com/discord-api-types/-/discord-api-types-0.37.50.tgz#6059eb8c0b784ad8194655a8b8b7f540fcfac428"
  integrity sha512-X4CDiMnDbA3s3RaUXWXmgAIbY1uxab3fqe3qwzg5XutR3wjqi7M3IkgQbsIBzpqBN2YWr/Qdv7JrFRqSgb4TFg==

discord.js@^14.13.0:
  version "14.13.0"
  resolved "https://registry.yarnpkg.com/discord.js/-/discord.js-14.13.0.tgz#e7a00bdba70adb9e266a06884ca1acaf9a0b5c20"
  integrity sha512-Kufdvg7fpyTEwANGy9x7i4od4yu5c6gVddGi5CKm4Y5a6sF0VBODObI3o0Bh7TGCj0LfNT8Qp8z04wnLFzgnbA==
  dependencies:
    "@discordjs/builders" "^1.6.5"
    "@discordjs/collection" "^1.5.3"
    "@discordjs/formatters" "^0.3.2"
    "@discordjs/rest" "^2.0.1"
    "@discordjs/util" "^1.0.1"
    "@discordjs/ws" "^1.0.1"
    "@sapphire/snowflake" "^3.5.1"
    "@types/ws" "^8.5.5"
    discord-api-types "0.37.50"
    fast-deep-equal "^3.1.3"
    lodash.snakecase "^4.1.1"
    tslib "^2.6.1"
    undici "5.22.1"
    ws "^8.13.0"

dom-serializer@^2.0.0:
  version "2.0.0"
  resolved "https://registry.yarnpkg.com/dom-serializer/-/dom-serializer-2.0.0.tgz#e41b802e1eedf9f6cae183ce5e622d789d7d8e53"
  integrity sha512-wIkAryiqt/nV5EQKqQpo3SToSOV9J0DnbJqwK7Wv/Trc92zIAYZ4FlMu+JPFW1DfGFt81ZTCGgDEabffXeLyJg==
  dependencies:
    domelementtype "^2.3.0"
    domhandler "^5.0.2"
    entities "^4.2.0"

domelementtype@^2.3.0:
  version "2.3.0"
  resolved "https://registry.yarnpkg.com/domelementtype/-/domelementtype-2.3.0.tgz#5c45e8e869952626331d7aab326d01daf65d589d"
  integrity sha512-OLETBj6w0OsagBwdXnPdN0cnMfF9opN69co+7ZrbfPGrdpPVNBUj02spi6B1N7wChLQiPn4CSH/zJvXw56gmHw==

domhandler@^5.0.2, domhandler@^5.0.3:
  version "5.0.3"
  resolved "https://registry.yarnpkg.com/domhandler/-/domhandler-5.0.3.tgz#cc385f7f751f1d1fc650c21374804254538c7d31"
  integrity sha512-cgwlv/1iFQiFnU96XXgROh8xTeetsnJiDsTc7TYCLFd9+/WNkIqPTxiM/8pSd8VIrhXGTf1Ny1q1hquVqDJB5w==
  dependencies:
    domelementtype "^2.3.0"

domutils@^3.0.1:
  version "3.1.0"
  resolved "https://registry.yarnpkg.com/domutils/-/domutils-3.1.0.tgz#c47f551278d3dc4b0b1ab8cbb42d751a6f0d824e"
  integrity sha512-H78uMmQtI2AhgDJjWeQmHwJJ2bLPD3GMmO7Zja/ZZh84wkm+4ut+IUnUdRa8uCGX88DiVx1j6FRe1XfxEgjEZA==
  dependencies:
    dom-serializer "^2.0.0"
    domelementtype "^2.3.0"
    domhandler "^5.0.3"

encoding-japanese@2.0.0:
  version "2.0.0"
  resolved "https://registry.yarnpkg.com/encoding-japanese/-/encoding-japanese-2.0.0.tgz#fa0226e5469e7b5b69a04fea7d5481bd1fa56936"
  integrity sha512-++P0RhebUC8MJAwJOsT93dT+5oc5oPImp1HubZpAuCZ5kTLnhuuBhKHj2jJeO/Gj93idPBWmIuQ9QWMe5rX3pQ==

entities@^4.2.0, entities@^4.4.0:
  version "4.5.0"
  resolved "https://registry.yarnpkg.com/entities/-/entities-4.5.0.tgz#5d268ea5e7113ec74c4d033b79ea5a35a488fb48"
  integrity sha512-V0hjH4dGPh9Ao5p0MoRY6BVqtwCjhz6vI5LT8AJ55H+4g9/4vbHx1I54fS0XuclLhDHArPQCiMjDxjaL8fPxhw==

fast-deep-equal@^3.1.3:
  version "3.1.3"
  resolved "https://registry.yarnpkg.com/fast-deep-equal/-/fast-deep-equal-3.1.3.tgz#3a7d56b559d6cbc3eb512325244e619a65c6c525"
  integrity sha512-f3qQ9oQy9j2AhBe/H9VC91wLmKBCCU/gDOnKNAYG5hswO7BLKj09Hc5HYNz9cGI++xlpDCIgDaitVs03ATR84Q==

he@1.2.0:
  version "1.2.0"
  resolved "https://registry.yarnpkg.com/he/-/he-1.2.0.tgz#84ae65fa7eafb165fddb61566ae14baf05664f0f"
  integrity sha512-F/1DnUGPopORZi0ni+CvrCgHQ5FyEAHRLSApuYWMmrbSwoN2Mn/7k+Gl38gJnR7yyDZk6WLXwiGod1JOWNDKGw==

html-to-text@9.0.5:
  version "9.0.5"
  resolved "https://registry.yarnpkg.com/html-to-text/-/html-to-text-9.0.5.tgz#6149a0f618ae7a0db8085dca9bbf96d32bb8368d"
  integrity sha512-qY60FjREgVZL03vJU6IfMV4GDjGBIoOyvuFdpBDIX9yTlDw0TjxVBQp+P8NvpdIXNJvfWBTNul7fsAQJq2FNpg==
  dependencies:
    "@selderee/plugin-htmlparser2" "^0.11.0"
    deepmerge "^4.3.1"
    dom-serializer "^2.0.0"
    htmlparser2 "^8.0.2"
    selderee "^0.11.0"

htmlparser2@^8.0.2:
  version "8.0.2"
  resolved "https://registry.yarnpkg.com/htmlparser2/-/htmlparser2-8.0.2.tgz#f002151705b383e62433b5cf466f5b716edaec21"
  integrity sha512-GYdjWKDkbRLkZ5geuHs5NY1puJ+PXwP7+fHPRz06Eirsb9ugf6d8kkXav6ADhcODhFFPMIXyxkxSuMf3D6NCFA==
  dependencies:
    domelementtype "^2.3.0"
    domhandler "^5.0.3"
    domutils "^3.0.1"
    entities "^4.4.0"

iconv-lite@0.6.3:
  version "0.6.3"
  resolved "https://registry.yarnpkg.com/iconv-lite/-/iconv-lite-0.6.3.tgz#a52f80bf38da1952eb5c681790719871a1a72501"
  integrity sha512-4fCk79wshMdzMp2rH06qWrJE4iolqLhCUH+OiuIgU++RB0+94NlDL81atO7GX55uUKueo0txHNtvEyI6D7WdMw==
  dependencies:
    safer-buffer ">= 2.1.2 < 3.0.0"

imap-client@^0.14.3:
  version "0.14.3"
  resolved "https://registry.yarnpkg.com/imap-client/-/imap-client-0.14.3.tgz#16d41923bbbb81eb769a493f62f9b5f3bdf7210c"
  integrity sha512-wZBV8m9FPzva6WYCKH3wk1U7c/JR3fgPj9EX4DfpLV2h9xRxlyb2kjCwjN68kllxvDP0EP6AwF0ker49W2R+kQ==
  dependencies:
    axe-logger "~0.0.2"
    browserbox "~0.9.0"

imap@^0.8.19:
  version "0.8.19"
  resolved "https://registry.yarnpkg.com/imap/-/imap-0.8.19.tgz#3678873934ab09cea6ba48741f284da2af59d8d5"
  integrity sha512-z5DxEA1uRnZG73UcPA4ES5NSCGnPuuouUx43OPX7KZx1yzq3N8/vx2mtXEShT5inxB3pRgnfG1hijfu7XN2YMw==
  dependencies:
    readable-stream "1.1.x"
    utf7 ">=1.0.2"

inherits@~2.0.1:
  version "2.0.4"
  resolved "https://registry.yarnpkg.com/inherits/-/inherits-2.0.4.tgz#0fa2c64f932917c3433a0ded55363aae37416b7c"
  integrity sha512-k/vGaX4/Yla3WzyMCvTQOXYeIHvqOKtnqBduzTHpzpQZzAskKMhZ2K+EnBiSM9zGSoIFeMpXKxa4dYeZIQqewQ==

isarray@0.0.1:
  version "0.0.1"
  resolved "https://registry.yarnpkg.com/isarray/-/isarray-0.0.1.tgz#8a18acfca9a8f4177e09abfc6038939b05d1eedf"
  integrity sha512-D2S+3GLxWH+uhrNEcoh/fnmYeP8E8/zHl644d/jdA0g2uyXvy3sb0qxotE+ne0LtccHknQzWwZEzhak7oJ0COQ==

leac@^0.6.0:
  version "0.6.0"
  resolved "https://registry.yarnpkg.com/leac/-/leac-0.6.0.tgz#dcf136e382e666bd2475f44a1096061b70dc0912"
  integrity sha512-y+SqErxb8h7nE/fiEX07jsbuhrpO9lL8eca7/Y1nuWV2moNlXhyd59iDGcRf6moVyDMbmTNzL40SUyrFU/yDpg==

libbase64@1.2.1:
  version "1.2.1"
  resolved "https://registry.yarnpkg.com/libbase64/-/libbase64-1.2.1.tgz#fb93bf4cb6d730f29b92155b6408d1bd2176a8c8"
  integrity sha512-l+nePcPbIG1fNlqMzrh68MLkX/gTxk/+vdvAb388Ssi7UuUN31MI44w4Yf33mM3Cm4xDfw48mdf3rkdHszLNew==

libmime@5.2.0:
  version "5.2.0"
  resolved "https://registry.yarnpkg.com/libmime/-/libmime-5.2.0.tgz#c4ed5cbd2d9fdd27534543a68bb8d17c658d51d8"
  integrity sha512-X2U5Wx0YmK0rXFbk67ASMeqYIkZ6E5vY7pNWRKtnNzqjvdYYG8xtPDpCnuUEnPU9vlgNev+JoSrcaKSUaNvfsw==
  dependencies:
    encoding-japanese "2.0.0"
    iconv-lite "0.6.3"
    libbase64 "1.2.1"
    libqp "2.0.1"

libmime@5.2.1:
  version "5.2.1"
  resolved "https://registry.yarnpkg.com/libmime/-/libmime-5.2.1.tgz#a1075eaf702fa597161948dcae3afd03be383ac4"
  integrity sha512-A0z9O4+5q+ZTj7QwNe/Juy1KARNb4WaviO4mYeFC4b8dBT2EEqK2pkM+GC8MVnkOjqhl5nYQxRgnPYRRTNmuSQ==
  dependencies:
    encoding-japanese "2.0.0"
    iconv-lite "0.6.3"
    libbase64 "1.2.1"
    libqp "2.0.1"

libqp@2.0.1:
  version "2.0.1"
  resolved "https://registry.yarnpkg.com/libqp/-/libqp-2.0.1.tgz#b8fed76cc1ea6c9ceff8888169e4e0de70cd5cf2"
  integrity sha512-Ka0eC5LkF3IPNQHJmYBWljJsw0UvM6j+QdKRbWyCdTmYwvIDE6a7bCm0UkTAL/K+3KXK5qXT/ClcInU01OpdLg==

linkify-it@4.0.1:
  version "4.0.1"
  resolved "https://registry.yarnpkg.com/linkify-it/-/linkify-it-4.0.1.tgz#01f1d5e508190d06669982ba31a7d9f56a5751ec"
  integrity sha512-C7bfi1UZmoj8+PQx22XyeXCuBlokoyWQL5pWSP+EI6nzRylyThouddufc2c1NDIcP9k5agmN9fLpA7VNJfIiqw==
  dependencies:
    uc.micro "^1.0.1"

lodash.snakecase@^4.1.1:
  version "4.1.1"
  resolved "https://registry.yarnpkg.com/lodash.snakecase/-/lodash.snakecase-4.1.1.tgz#39d714a35357147837aefd64b5dcbb16becd8f8d"
  integrity sha512-QZ1d4xoBHYUeuouhEq3lk3Uq7ldgyFXGBhg04+oRLnIz8o9T65Eh+8YdroUwn846zchkA9yDsDl5CVVaV2nqYw==

lodash@^4.17.21:
  version "4.17.21"
  resolved "https://registry.yarnpkg.com/lodash/-/lodash-4.17.21.tgz#679591c564c3bffaae8454cf0b3df370c3d6911c"
  integrity sha512-v2kDEe57lecTulaDIuNTPy3Ry4gLGJ6Z1O3vE1krgXZNrsQ+LFTGHVxVjcXPs17LhbZVGedAJv8XZ1tvj5FvSg==

magic-bytes.js@^1.0.15:
  version "1.0.15"
  resolved "https://registry.yarnpkg.com/magic-bytes.js/-/magic-bytes.js-1.0.15.tgz#3c9d2b7d45bb8432482646b5f74bbf6725274616"
  integrity sha512-bpRmwbRHqongRhA+mXzbLWjVy7ylqmfMBYaQkSs6pac0z6hBTvsgrH0r4FBYd/UYVJBmS6Rp/O+oCCQVLzKV1g==

mailparser@^3.6.5:
  version "3.6.5"
  resolved "https://registry.yarnpkg.com/mailparser/-/mailparser-3.6.5.tgz#c82d312de32a6fa3d67254e044f8c4eb8f533c31"
  integrity sha512-nteTpF0Khm5JLOnt4sigmzNdUH/6mO7PZ4KEnvxf4mckyXYFFhrtAWZzbq/V5aQMH+049gA7ZjfLdh+QiX2Uqg==
  dependencies:
    encoding-japanese "2.0.0"
    he "1.2.0"
    html-to-text "9.0.5"
    iconv-lite "0.6.3"
    libmime "5.2.1"
    linkify-it "4.0.1"
    mailsplit "5.4.0"
    nodemailer "6.9.3"
    tlds "1.240.0"

mailsplit@5.4.0:
  version "5.4.0"
  resolved "https://registry.yarnpkg.com/mailsplit/-/mailsplit-5.4.0.tgz#9f4692fadd9013e9ce632147d996931d2abac6ba"
  integrity sha512-wnYxX5D5qymGIPYLwnp6h8n1+6P6vz/MJn5AzGjZ8pwICWssL+CCQjWBIToOVHASmATot4ktvlLo6CyLfOXWYA==
  dependencies:
    libbase64 "1.2.1"
    libmime "5.2.0"
    libqp "2.0.1"

mimefuncs@~0.3.4:
  version "0.3.9"
  resolved "https://registry.yarnpkg.com/mimefuncs/-/mimefuncs-0.3.9.tgz#ad501f64d0b615e5a605dc04f67955faaa4023e7"
  integrity sha512-790H4kEAfu2vmdH6wFCV1T8OTMHWi4Ns6zO38ZJwmnidbmq2b+ZLA8ul0ic0ed9nJAO2MUOGHK7gDq9G3msFTg==
  dependencies:
    wo-stringencoding "~0.1.1"

node-forge@^0.6.11:
  version "0.6.49"
  resolved "https://registry.yarnpkg.com/node-forge/-/node-forge-0.6.49.tgz#f1ee95d5d74623938fe19d698aa5a26d54d2f60f"
  integrity sha512-8632osJqcHqlbmdWOvngqc0T0YV+MLSPsHFpGiQGXPe1wjhcVY3srKQOLkpypyl8w0Q5rbqzTy9Wc0hs3NSWyg==

nodemailer@6.9.3:
  version "6.9.3"
  resolved "https://registry.yarnpkg.com/nodemailer/-/nodemailer-6.9.3.tgz#e4425b85f05d83c43c5cd81bf84ab968f8ef5cbe"
  integrity sha512-fy9v3NgTzBngrMFkDsKEj0r02U7jm6XfC3b52eoNV+GCrGj+s8pt5OqhiJdWKuw51zCTdiNR/IUD1z33LIIGpg==

parseley@^0.12.0:
  version "0.12.1"
  resolved "https://registry.yarnpkg.com/parseley/-/parseley-0.12.1.tgz#4afd561d50215ebe259e3e7a853e62f600683aef"
  integrity sha512-e6qHKe3a9HWr0oMRVDTRhKce+bRO8VGQR3NyVwcjwrbhMmFCX9KszEV35+rn4AdilFAq9VPxP/Fe1wC9Qjd2lw==
  dependencies:
    leac "^0.6.0"
    peberminta "^0.9.0"

peberminta@^0.9.0:
  version "0.9.0"
  resolved "https://registry.yarnpkg.com/peberminta/-/peberminta-0.9.0.tgz#8ec9bc0eb84b7d368126e71ce9033501dca2a352"
  integrity sha512-XIxfHpEuSJbITd1H3EeQwpcZbTLHc+VVr8ANI9t5sit565tsI4/xK3KWTUFE2e6QiangUkh3B0jihzmGnNrRsQ==

readable-stream@1.1.x:
  version "1.1.14"
  resolved "https://registry.yarnpkg.com/readable-stream/-/readable-stream-1.1.14.tgz#7cf4c54ef648e3813084c636dd2079e166c081d9"
  integrity sha512-+MeVjFf4L44XUkhM1eYbD8fyEsxcV81pqMSR5gblfcLCHfZvbrqy4/qYHE+/R5HoBUT11WV5O08Cr1n3YXkWVQ==
  dependencies:
    core-util-is "~1.0.0"
    inherits "~2.0.1"
    isarray "0.0.1"
    string_decoder "~0.10.x"

"safer-buffer@>= 2.1.2 < 3.0.0":
  version "2.1.2"
  resolved "https://registry.yarnpkg.com/safer-buffer/-/safer-buffer-2.1.2.tgz#44fa161b0187b9549dd84bb91802f9bd8385cd6a"
  integrity sha512-YZo3K82SD7Riyi0E1EQPojLz7kpepnSQI9IyPbHHg1XXXevb5dJI7tpyN2ADxGcQbHG7vcyRHk0cbwqcQriUtg==

selderee@^0.11.0:
  version "0.11.0"
  resolved "https://registry.yarnpkg.com/selderee/-/selderee-0.11.0.tgz#6af0c7983e073ad3e35787ffe20cefd9daf0ec8a"
  integrity sha512-5TF+l7p4+OsnP8BCCvSyZiSPc4x4//p5uPwK8TCnVPJYRmU2aYKMpOXvw8zM5a5JvuuCGN1jmsMwuU2W02ukfA==
  dependencies:
    parseley "^0.12.0"

semver@~5.3.0:
  version "5.3.0"
  resolved "https://registry.yarnpkg.com/semver/-/semver-5.3.0.tgz#9b2ce5d3de02d17c6012ad326aa6b4d0cf54f94f"
  integrity sha512-mfmm3/H9+67MCVix1h+IXTpDwL6710LyHuk7+cWC9T1mE0qz4iHhh6r4hU2wrIT9iTsAAC2XQRvfblL028cpLw==

streamsearch@^1.1.0:
  version "1.1.0"
  resolved "https://registry.yarnpkg.com/streamsearch/-/streamsearch-1.1.0.tgz#404dd1e2247ca94af554e841a8ef0eaa238da764"
  integrity sha512-Mcc5wHehp9aXz1ax6bZUyY5afg9u2rv5cqQI3mRrYkGC8rW2hM02jWuwjtL++LS5qinSyhj2QfLyNsuc+VsExg==

string_decoder@~0.10.x:
  version "0.10.31"
  resolved "https://registry.yarnpkg.com/string_decoder/-/string_decoder-0.10.31.tgz#62e203bc41766c6c28c9fc84301dab1c5310fa94"
  integrity sha512-ev2QzSzWPYmy9GuqfIVildA4OdcGLeFZQrq5ys6RtiuF+RQQiZWr8TZNyAcuVXyQRYfEO+MsoB/1BuQVhOJuoQ==

tcp-socket@~0.5.0:
  version "0.5.8"
  resolved "https://registry.yarnpkg.com/tcp-socket/-/tcp-socket-0.5.8.tgz#ed6322f608b9034c2e7ec1a132a28706d2f35e96"
  integrity sha512-W0W7STyTRwZ6cRcPI01YXOzK28Jp/V8p/mjcphmh7qbZa9vPGHBOKLnXq7PQrAPFvfP5pEA/zmYr9x9BbES3qQ==
  dependencies:
    node-forge "^0.6.11"

tlds@1.240.0:
  version "1.240.0"
  resolved "https://registry.yarnpkg.com/tlds/-/tlds-1.240.0.tgz#3d3d776d97aa079e43ef4d2f9ef9845e55cff08e"
  integrity sha512-1OYJQenswGZSOdRw7Bql5Qu7uf75b+F3HFBXbqnG/ifHa0fev1XcG+3pJf3pA/KC6RtHQzfKgIf1vkMlMG7mtQ==

ts-mixer@^6.0.3:
  version "6.0.3"
  resolved "https://registry.yarnpkg.com/ts-mixer/-/ts-mixer-6.0.3.tgz#69bd50f406ff39daa369885b16c77a6194c7cae6"
  integrity sha512-k43M7uCG1AkTyxgnmI5MPwKoUvS/bRvLvUb7+Pgpdlmok8AoqmUaZxUUw8zKM5B1lqZrt41GjYgnvAi0fppqgQ==

tslib@^2.6.1:
  version "2.6.2"
  resolved "https://registry.yarnpkg.com/tslib/-/tslib-2.6.2.tgz#703ac29425e7b37cd6fd456e92404d46d1f3e4ae"
  integrity sha512-AEYxH93jGFPn/a2iVAwW87VuUIkR1FVUKB77NwMF7nBTDkDrrT/Hpt/IrCJ0QXhW27jTBDcf5ZY7w6RiqTMw2Q==

uc.micro@^1.0.1:
  version "1.0.6"
  resolved "https://registry.yarnpkg.com/uc.micro/-/uc.micro-1.0.6.tgz#9c411a802a409a91fc6cf74081baba34b24499ac"
  integrity sha512-8Y75pvTYkLJW2hWQHXxoqRgV7qb9B+9vFEtidML+7koHUFapnVJAZ6cKs+Qjz5Aw3aZWHMC6u0wJE3At+nSGwA==

undici@5.22.1:
  version "5.22.1"
  resolved "https://registry.yarnpkg.com/undici/-/undici-5.22.1.tgz#877d512effef2ac8be65e695f3586922e1a57d7b"
  integrity sha512-Ji2IJhFXZY0x/0tVBXeQwgPlLWw13GVzpsWPQ3rV50IFMMof2I55PZZxtm4P6iNq+L5znYN9nSTAq0ZyE6lSJw==
  dependencies:
    busboy "^1.6.0"

utf7@>=1.0.2:
  version "1.0.2"
  resolved "https://registry.yarnpkg.com/utf7/-/utf7-1.0.2.tgz#955f490aae653ba220b9456a0a8776c199360991"
  integrity sha512-qQrPtYLLLl12NF4DrM9CvfkxkYI97xOb5dsnGZHE3teFr0tWiEZ9UdgMPczv24vl708cYMpe6mGXGHrotIp3Bw==
  dependencies:
    semver "~5.3.0"

wo-addressparser@^0.1.3:
  version "0.1.3"
  resolved "https://registry.yarnpkg.com/wo-addressparser/-/wo-addressparser-0.1.3.tgz#fe9e566321164b96f6b48ba9dc7878ffa4c16601"
  integrity sha512-ZSfDlc+T3reaDE8w51osb0T6Sa3QDbIKG74LhnUHA9g9mJT0Twf/mDNW4bRnvq5UPCa5jDMU/RT9qyOJaxrqDg==

wo-imap-handler@~0.1.14:
  version "0.1.14"
  resolved "https://registry.yarnpkg.com/wo-imap-handler/-/wo-imap-handler-0.1.14.tgz#acf631b2a57cef1c82245c332c2255e82b79835c"
  integrity sha512-nJH7nztMLkwkhZevPlqnw5lgquLyvTAQrSWdzB3ij3I1vTjRC4mM/wqqDGHPY4kyPIhY2F52dh7eTJIyhdmtCw==

wo-stringencoding@~0.1.1:
  version "0.1.1"
  resolved "https://registry.yarnpkg.com/wo-stringencoding/-/wo-stringencoding-0.1.1.tgz#43b2221522329d89fef4f409ded418bc8b454ccd"
  integrity sha512-ZhzVH5uLrHopJQX+Yagiux8qOaqWzpXTeiG8pYz8EMbPtKG0AB3VCT2FT6aq30/u+nO3309aedJAvtQJQXebbA==

wo-utf7@~2.0.2:
  version "2.0.2"
  resolved "https://registry.yarnpkg.com/wo-utf7/-/wo-utf7-2.0.2.tgz#871e09e097bac2e23f70d5a4903958dbc90993c6"
  integrity sha512-dRSWxR3iTsgeug4uApNXVOczWYMpWXWoRDpXiEDiDtKQlXWjjen0Vq0lrsEvGEwQVOjtva47rysp7uAPzEAvcg==

ws@^8.13.0:
  version "8.13.0"
  resolved "https://registry.yarnpkg.com/ws/-/ws-8.13.0.tgz#9a9fb92f93cf41512a0735c8f4dd09b8a1211cd0"
  integrity sha512-x9vcZYTrFPC7aSIbj7sRCYo7L/Xb8Iy+pW0ng0wt2vCJv7M9HOMy0UoN3rr+IFC7hb7vXoqS+P9ktyLLLhO+LA==

yarn@^1.22.19:
  version "1.22.19"
  resolved "https://registry.yarnpkg.com/yarn/-/yarn-1.22.19.tgz#4ba7fc5c6e704fce2066ecbfb0b0d8976fe62447"
  integrity sha512-/0V5q0WbslqnwP91tirOvldvYISzaqhClxzyUKXYxs07yUILIs5jx/k6CFe8bvKSkds5w+eiOqta39Wk3WxdcQ==
